
Microsoft Visual Studio Solution File, Format Version 12.00
# Visual Studio 15
VisualStudioVersion = 15.0.26730.15
MinimumVisualStudioVersion = 10.0.40219.1
Project("{FAE04EC0-301F-11D3-BF4B-00C04F79EFBC}") = "BilletWCFService", "BilletWCFService\BilletWCFService.csproj", "{D9A65CEB-AB73-4533-958B-A28ED4F8B784}"
EndProject
Global
	GlobalSection(SolutionConfigurationPlatforms) = preSolution
		Debug|Any CPU = Debug|Any CPU
		Release|Any CPU = Release|Any CPU
	EndGlobalSection
	GlobalSection(ProjectConfigurationPlatforms) = postSolution
		{D9A65CEB-AB73-4533-958B-A28ED4F8B784}.Debug|Any CPU.ActiveCfg = Debug|Any CPU
		{D9A65CEB-AB73-4533-958B-A28ED4F8B784}.Debug|Any CPU.Build.0 = Debug|Any CPU
		{D9A65CEB-AB73-4533-958B-A28ED4F8B784}.Release|Any CPU.ActiveCfg = Release|Any CPU
		{D9A65CEB-AB73-4533-958B-A28ED4F8B784}.Release|Any CPU.Build.0 = Release|Any CPU
	EndGlobalSection
	GlobalSection(SolutionProperties) = preSolution
		HideSolutionNode = FALSE
	EndGlobalSection
	GlobalSection(ExtensibilityGlobals) = postSolution
		SolutionGuid = {619014CC-5393-4268-8F86-2E3EDA5B106E}
	EndGlobalSection
EndGlobal
